
Microsoft Visual Studio Solution File, Format Version 12.00
# Visual Studio Version 17
VisualStudioVersion = 17.5.33516.290
MinimumVisualStudioVersion = 10.0.40219.1
Project("{FAE04EC0-301F-11D3-BF4B-00C04F79EFBC}") = "VehicleSelectorApp", "VehicleSelectorApp\VehicleSelectorApp.csproj", "{7D1E3454-1C21-4488-8034-23B8D6EE9BFC}"
EndProject
Global
	GlobalSection(SolutionConfigurationPlatforms) = preSolution
		Debug|Any CPU = Debug|Any CPU
		Release|Any CPU = Release|Any CPU
	EndGlobalSection
	GlobalSection(ProjectConfigurationPlatforms) = postSolution
		{7D1E3454-1C21-4488-8034-23B8D6EE9BFC}.Debug|Any CPU.ActiveCfg = Debug|Any CPU
		{7D1E3454-1C21-4488-8034-23B8D6EE9BFC}.Debug|Any CPU.Build.0 = Debug|Any CPU
		{7D1E3454-1C21-4488-8034-23B8D6EE9BFC}.Release|Any CPU.ActiveCfg = Release|Any CPU
		{7D1E3454-1C21-4488-8034-23B8D6EE9BFC}.Release|Any CPU.Build.0 = Release|Any CPU
	EndGlobalSection
	GlobalSection(SolutionProperties) = preSolution
		HideSolutionNode = FALSE
	EndGlobalSection
	GlobalSection(ExtensibilityGlobals) = postSolution
		SolutionGuid = {B62749BC-CC0A-4D3F-86C8-726AFEE7681A}
	EndGlobalSection
EndGlobal
